
Microsoft Visual Studio Solution File, Format Version 12.00
# Visual Studio Version 16
VisualStudioVersion = 16.0.30717.126
MinimumVisualStudioVersion = 10.0.40219.1
Project("{8BC9CEB8-8B4A-11D0-8D11-00A0C91BC942}") = "Day 1", "Day 1\Day 1\Day 1.vcxproj", "{34BDC5AA-0E59-4CC1-B8A8-E334AA7558C8}"
EndProject
Project("{8BC9CEB8-8B4A-11D0-8D11-00A0C91BC942}") = "Day 2", "Day 2\Day 2\Day 2.vcxproj", "{4BF30914-6323-46FF-875F-7A3B84D566DE}"
EndProject
Project("{8BC9CEB8-8B4A-11D0-8D11-00A0C91BC942}") = "Day 3", "Day 3\Day 3\Day 3.vcxproj", "{39A6A135-B0B4-4A61-A644-D23F20DD0EBD}"
EndProject
Project("{8BC9CEB8-8B4A-11D0-8D11-00A0C91BC942}") = "Day 4", "Day 4\Day 4\Day 4.vcxproj", "{C0ECD63B-A0B6-4B7B-AF4E-CE39210202EE}"
EndProject
Project("{8BC9CEB8-8B4A-11D0-8D11-00A0C91BC942}") = "Day 5", "Day 5\Day 5\Day 5.vcxproj", "{F528B2EA-97BD-43D9-8EB4-97BDCAEDE96A}"
EndProject
Project("{8BC9CEB8-8B4A-11D0-8D11-00A0C91BC942}") = "Day 6", "Day 6\Day 6\Day 6.vcxproj", "{1415B772-C3FB-45F9-AE25-B3DF97ADEFA6}"
EndProject
Project("{8BC9CEB8-8B4A-11D0-8D11-00A0C91BC942}") = "Day 7", "Day 7\Day 7\Day 7.vcxproj", "{4A0A3180-A718-411E-BBE2-8A7B05A12214}"
EndProject
Project("{8BC9CEB8-8B4A-11D0-8D11-00A0C91BC942}") = "Day 8", "Day 8\Day 8\Day 8.vcxproj", "{02DB4A44-389A-44F1-A9BD-D64A8E7C644A}"
EndProject
Project("{8BC9CEB8-8B4A-11D0-8D11-00A0C91BC942}") = "Day 9", "Day 9\Day 9\Day 9.vcxproj", "{964B8022-6874-4550-8AB0-8F4FA4929A6B}"
EndProject
Project("{8BC9CEB8-8B4A-11D0-8D11-00A0C91BC942}") = "Day 10", "Day 10\Day 10\Day 10.vcxproj", "{83209E8E-CA62-4127-A1E8-AFA824CA09F4}"
EndProject
Project("{8BC9CEB8-8B4A-11D0-8D11-00A0C91BC942}") = "Day 11", "Day 11\Day 11\Day 11.vcxproj", "{20D61AF8-BFEC-41C8-90B5-52011A989EE6}"
EndProject
Project("{8BC9CEB8-8B4A-11D0-8D11-00A0C91BC942}") = "Day 12", "Day 12\Day 12\Day 12.vcxproj", "{97594B3C-DF7B-4768-B423-1772BC0CE217}"
EndProject
Project("{8BC9CEB8-8B4A-11D0-8D11-00A0C91BC942}") = "Day 13", "Day 13\Day 13\Day 13.vcxproj", "{068C3C13-1C98-4E2C-87BA-B33236DA2CA9}"
EndProject
Project("{8BC9CEB8-8B4A-11D0-8D11-00A0C91BC942}") = "Day 14", "Day 14\Day 14\Day 14.vcxproj", "{282442E9-19D6-4E34-882E-3AED689A62C7}"
EndProject
Project("{8BC9CEB8-8B4A-11D0-8D11-00A0C91BC942}") = "Day 15", "Day 15\Day 15\Day 15.vcxproj", "{89B1D21E-2534-4AAD-97A4-690C3A4A2773}"
EndProject
Project("{8BC9CEB8-8B4A-11D0-8D11-00A0C91BC942}") = "Day 16", "Day 16\Day 16\Day 16.vcxproj", "{A8145C67-E54C-4D86-8629-07C63591202A}"
EndProject
Project("{8BC9CEB8-8B4A-11D0-8D11-00A0C91BC942}") = "Day 17", "Day 17\Day 17\Day 17.vcxproj", "{185F7546-5422-4392-8A48-BC7436E628AA}"
EndProject
Project("{8BC9CEB8-8B4A-11D0-8D11-00A0C91BC942}") = "Day 18", "Day 18\Day 18\Day 18.vcxproj", "{507A0CD6-C524-42D5-BF0E-3FBB5ED1CBEA}"
EndProject
Project("{8BC9CEB8-8B4A-11D0-8D11-00A0C91BC942}") = "Day 19", "Day 19\Day 19\Day 19.vcxproj", "{5471DEBF-A5FA-4BCB-9DC2-4E3D732CCAE6}"
EndProject
Global
	GlobalSection(SolutionConfigurationPlatforms) = preSolution
		Debug|x64 = Debug|x64
		Debug|x86 = Debug|x86
		Release|x64 = Release|x64
		Release|x86 = Release|x86
	EndGlobalSection
	GlobalSection(ProjectConfigurationPlatforms) = postSolution
		{34BDC5AA-0E59-4CC1-B8A8-E334AA7558C8}.Debug|x64.ActiveCfg = Debug|x64
		{34BDC5AA-0E59-4CC1-B8A8-E334AA7558C8}.Debug|x64.Build.0 = Debug|x64
		{34BDC5AA-0E59-4CC1-B8A8-E334AA7558C8}.Debug|x86.ActiveCfg = Debug|Win32
		{34BDC5AA-0E59-4CC1-B8A8-E334AA7558C8}.Debug|x86.Build.0 = Debug|Win32
		{34BDC5AA-0E59-4CC1-B8A8-E334AA7558C8}.Release|x64.ActiveCfg = Release|x64
		{34BDC5AA-0E59-4CC1-B8A8-E334AA7558C8}.Release|x64.Build.0 = Release|x64
		{34BDC5AA-0E59-4CC1-B8A8-E334AA7558C8}.Release|x86.ActiveCfg = Release|Win32
		{34BDC5AA-0E59-4CC1-B8A8-E334AA7558C8}.Release|x86.Build.0 = Release|Win32
		{4BF30914-6323-46FF-875F-7A3B84D566DE}.Debug|x64.ActiveCfg = Debug|x64
		{4BF30914-6323-46FF-875F-7A3B84D566DE}.Debug|x64.Build.0 = Debug|x64
		{4BF30914-6323-46FF-875F-7A3B84D566DE}.Debug|x86.ActiveCfg = Debug|Win32
		{4BF30914-6323-46FF-875F-7A3B84D566DE}.Debug|x86.Build.0 = Debug|Win32
		{4BF30914-6323-46FF-875F-7A3B84D566DE}.Release|x64.ActiveCfg = Release|x64
		{4BF30914-6323-46FF-875F-7A3B84D566DE}.Release|x64.Build.0 = Release|x64
		{4BF30914-6323-46FF-875F-7A3B84D566DE}.Release|x86.ActiveCfg = Release|Win32
		{4BF30914-6323-46FF-875F-7A3B84D566DE}.Release|x86.Build.0 = Release|Win32
		{39A6A135-B0B4-4A61-A644-D23F20DD0EBD}.Debug|x64.ActiveCfg = Debug|x64
		{39A6A135-B0B4-4A61-A644-D23F20DD0EBD}.Debug|x64.Build.0 = Debug|x64
		{39A6A135-B0B4-4A61-A644-D23F20DD0EBD}.Debug|x86.ActiveCfg = Debug|Win32
		{39A6A135-B0B4-4A61-A644-D23F20DD0EBD}.Debug|x86.Build.0 = Debug|Win32
		{39A6A135-B0B4-4A61-A644-D23F20DD0EBD}.Release|x64.ActiveCfg = Release|x64
		{39A6A135-B0B4-4A61-A644-D23F20DD0EBD}.Release|x64.Build.0 = Release|x64
		{39A6A135-B0B4-4A61-A644-D23F20DD0EBD}.Release|x86.ActiveCfg = Release|Win32
		{39A6A135-B0B4-4A61-A644-D23F20DD0EBD}.Release|x86.Build.0 = Release|Win32
		{C0ECD63B-A0B6-4B7B-AF4E-CE39210202EE}.Debug|x64.ActiveCfg = Debug|x64
		{C0ECD63B-A0B6-4B7B-AF4E-CE39210202EE}.Debug|x64.Build.0 = Debug|x64
		{C0ECD63B-A0B6-4B7B-AF4E-CE39210202EE}.Debug|x86.ActiveCfg = Debug|Win32
		{C0ECD63B-A0B6-4B7B-AF4E-CE39210202EE}.Debug|x86.Build.0 = Debug|Win32
		{C0ECD63B-A0B6-4B7B-AF4E-CE39210202EE}.Release|x64.ActiveCfg = Release|x64
		{C0ECD63B-A0B6-4B7B-AF4E-CE39210202EE}.Release|x64.Build.0 = Release|x64
		{C0ECD63B-A0B6-4B7B-AF4E-CE39210202EE}.Release|x86.ActiveCfg = Release|Win32
		{C0ECD63B-A0B6-4B7B-AF4E-CE39210202EE}.Release|x86.Build.0 = Release|Win32
		{F528B2EA-97BD-43D9-8EB4-97BDCAEDE96A}.Debug|x64.ActiveCfg = Debug|x64
		{F528B2EA-97BD-43D9-8EB4-97BDCAEDE96A}.Debug|x64.Build.0 = Debug|x64
		{F528B2EA-97BD-43D9-8EB4-97BDCAEDE96A}.Debug|x86.ActiveCfg = Debug|Win32
		{F528B2EA-97BD-43D9-8EB4-97BDCAEDE96A}.Debug|x86.Build.0 = Debug|Win32
		{F528B2EA-97BD-43D9-8EB4-97BDCAEDE96A}.Release|x64.ActiveCfg = Release|x64
		{F528B2EA-97BD-43D9-8EB4-97BDCAEDE96A}.Release|x64.Build.0 = Release|x64
		{F528B2EA-97BD-43D9-8EB4-97BDCAEDE96A}.Release|x86.ActiveCfg = Release|Win32
		{F528B2EA-97BD-43D9-8EB4-97BDCAEDE96A}.Release|x86.Build.0 = Release|Win32
		{1415B772-C3FB-45F9-AE25-B3DF97ADEFA6}.Debug|x64.ActiveCfg = Debug|x64
		{1415B772-C3FB-45F9-AE25-B3DF97ADEFA6}.Debug|x64.Build.0 = Debug|x64
		{1415B772-C3FB-45F9-AE25-B3DF97ADEFA6}.Debug|x86.ActiveCfg = Debug|Win32
		{1415B772-C3FB-45F9-AE25-B3DF97ADEFA6}.Debug|x86.Build.0 = Debug|Win32
		{1415B772-C3FB-45F9-AE25-B3DF97ADEFA6}.Release|x64.ActiveCfg = Release|x64
		{1415B772-C3FB-45F9-AE25-B3DF97ADEFA6}.Release|x64.Build.0 = Release|x64
		{1415B772-C3FB-45F9-AE25-B3DF97ADEFA6}.Release|x86.ActiveCfg = Release|Win32
		{1415B772-C3FB-45F9-AE25-B3DF97ADEFA6}.Release|x86.Build.0 = Release|Win32
		{4A0A3180-A718-411E-BBE2-8A7B05A12214}.Debug|x64.ActiveCfg = Debug|x64
		{4A0A3180-A718-411E-BBE2-8A7B05A12214}.Debug|x64.Build.0 = Debug|x64
		{4A0A3180-A718-411E-BBE2-8A7B05A12214}.Debug|x86.ActiveCfg = Debug|Win32
		{4A0A3180-A718-411E-BBE2-8A7B05A12214}.Debug|x86.Build.0 = Debug|Win32
		{4A0A3180-A718-411E-BBE2-8A7B05A12214}.Release|x64.ActiveCfg = Release|x64
		{4A0A3180-A718-411E-BBE2-8A7B05A12214}.Release|x64.Build.0 = Release|x64
		{4A0A3180-A718-411E-BBE2-8A7B05A12214}.Release|x86.ActiveCfg = Release|Win32
		{4A0A3180-A718-411E-BBE2-8A7B05A12214}.Release|x86.Build.0 = Release|Win32
		{02DB4A44-389A-44F1-A9BD-D64A8E7C644A}.Debug|x64.ActiveCfg = Debug|x64
		{02DB4A44-389A-44F1-A9BD-D64A8E7C644A}.Debug|x64.Build.0 = Debug|x64
		{02DB4A44-389A-44F1-A9BD-D64A8E7C644A}.Debug|x86.ActiveCfg = Debug|Win32
		{02DB4A44-389A-44F1-A9BD-D64A8E7C644A}.Debug|x86.Build.0 = Debug|Win32
		{02DB4A44-389A-44F1-A9BD-D64A8E7C644A}.Release|x64.ActiveCfg = Release|x64
		{02DB4A44-389A-44F1-A9BD-D64A8E7C644A}.Release|x64.Build.0 = Release|x64
		{02DB4A44-389A-44F1-A9BD-D64A8E7C644A}.Release|x86.ActiveCfg = Release|Win32
		{02DB4A44-389A-44F1-A9BD-D64A8E7C644A}.Release|x86.Build.0 = Release|Win32
		{964B8022-6874-4550-8AB0-8F4FA4929A6B}.Debug|x64.ActiveCfg = Debug|x64
		{964B8022-6874-4550-8AB0-8F4FA4929A6B}.Debug|x64.Build.0 = Debug|x64
		{964B8022-6874-4550-8AB0-8F4FA4929A6B}.Debug|x86.ActiveCfg = Debug|Win32
		{964B8022-6874-4550-8AB0-8F4FA4929A6B}.Debug|x86.Build.0 = Debug|Win32
		{964B8022-6874-4550-8AB0-8F4FA4929A6B}.Release|x64.ActiveCfg = Release|x64
		{964B8022-6874-4550-8AB0-8F4FA4929A6B}.Release|x64.Build.0 = Release|x64
		{964B8022-6874-4550-8AB0-8F4FA4929A6B}.Release|x86.ActiveCfg = Release|Win32
		{964B8022-6874-4550-8AB0-8F4FA4929A6B}.Release|x86.Build.0 = Release|Win32
		{83209E8E-CA62-4127-A1E8-AFA824CA09F4}.Debug|x64.ActiveCfg = Debug|x64
		{83209E8E-CA62-4127-A1E8-AFA824CA09F4}.Debug|x64.Build.0 = Debug|x64
		{83209E8E-CA62-4127-A1E8-AFA824CA09F4}.Debug|x86.ActiveCfg = Debug|Win32
		{83209E8E-CA62-4127-A1E8-AFA824CA09F4}.Debug|x86.Build.0 = Debug|Win32
		{83209E8E-CA62-4127-A1E8-AFA824CA09F4}.Release|x64.ActiveCfg = Release|x64
		{83209E8E-CA62-4127-A1E8-AFA824CA09F4}.Release|x64.Build.0 = Release|x64
		{83209E8E-CA62-4127-A1E8-AFA824CA09F4}.Release|x86.ActiveCfg = Release|Win32
		{83209E8E-CA62-4127-A1E8-AFA824CA09F4}.Release|x86.Build.0 = Release|Win32
		{20D61AF8-BFEC-41C8-90B5-52011A989EE6}.Debug|x64.ActiveCfg = Debug|x64
		{20D61AF8-BFEC-41C8-90B5-52011A989EE6}.Debug|x64.Build.0 = Debug|x64
		{20D61AF8-BFEC-41C8-90B5-52011A989EE6}.Debug|x86.ActiveCfg = Debug|Win32
		{20D61AF8-BFEC-41C8-90B5-52011A989EE6}.Debug|x86.Build.0 = Debug|Win32
		{20D61AF8-BFEC-41C8-90B5-52011A989EE6}.Release|x64.ActiveCfg = Release|x64
		{20D61AF8-BFEC-41C8-90B5-52011A989EE6}.Release|x64.Build.0 = Release|x64
		{20D61AF8-BFEC-41C8-90B5-52011A989EE6}.Release|x86.ActiveCfg = Release|Win32
		{20D61AF8-BFEC-41C8-90B5-52011A989EE6}.Release|x86.Build.0 = Release|Win32
		{97594B3C-DF7B-4768-B423-1772BC0CE217}.Debug|x64.ActiveCfg = Debug|x64
		{97594B3C-DF7B-4768-B423-1772BC0CE217}.Debug|x64.Build.0 = Debug|x64
		{97594B3C-DF7B-4768-B423-1772BC0CE217}.Debug|x86.ActiveCfg = Debug|Win32
		{97594B3C-DF7B-4768-B423-1772BC0CE217}.Debug|x86.Build.0 = Debug|Win32
		{97594B3C-DF7B-4768-B423-1772BC0CE217}.Release|x64.ActiveCfg = Release|x64
		{97594B3C-DF7B-4768-B423-1772BC0CE217}.Release|x64.Build.0 = Release|x64
		{97594B3C-DF7B-4768-B423-1772BC0CE217}.Release|x86.ActiveCfg = Release|Win32
		{97594B3C-DF7B-4768-B423-1772BC0CE217}.Release|x86.Build.0 = Release|Win32
		{068C3C13-1C98-4E2C-87BA-B33236DA2CA9}.Debug|x64.ActiveCfg = Debug|x64
		{068C3C13-1C98-4E2C-87BA-B33236DA2CA9}.Debug|x64.Build.0 = Debug|x64
		{068C3C13-1C98-4E2C-87BA-B33236DA2CA9}.Debug|x86.ActiveCfg = Debug|Win32
		{068C3C13-1C98-4E2C-87BA-B33236DA2CA9}.Debug|x86.Build.0 = Debug|Win32
		{068C3C13-1C98-4E2C-87BA-B33236DA2CA9}.Release|x64.ActiveCfg = Release|x64
		{068C3C13-1C98-4E2C-87BA-B33236DA2CA9}.Release|x64.Build.0 = Release|x64
		{068C3C13-1C98-4E2C-87BA-B33236DA2CA9}.Release|x86.ActiveCfg = Release|Win32
		{068C3C13-1C98-4E2C-87BA-B33236DA2CA9}.Release|x86.Build.0 = Release|Win32
		{282442E9-19D6-4E34-882E-3AED689A62C7}.Debug|x64.ActiveCfg = Debug|x64
		{282442E9-19D6-4E34-882E-3AED689A62C7}.Debug|x64.Build.0 = Debug|x64
		{282442E9-19D6-4E34-882E-3AED689A62C7}.Debug|x86.ActiveCfg = Debug|Win32
		{282442E9-19D6-4E34-882E-3AED689A62C7}.Debug|x86.Build.0 = Debug|Win32
		{282442E9-19D6-4E34-882E-3AED689A62C7}.Release|x64.ActiveCfg = Release|x64
		{282442E9-19D6-4E34-882E-3AED689A62C7}.Release|x64.Build.0 = Release|x64
		{282442E9-19D6-4E34-882E-3AED689A62C7}.Release|x86.ActiveCfg = Release|Win32
		{282442E9-19D6-4E34-882E-3AED689A62C7}.Release|x86.Build.0 = Release|Win32
		{89B1D21E-2534-4AAD-97A4-690C3A4A2773}.Debug|x64.ActiveCfg = Debug|x64
		{89B1D21E-2534-4AAD-97A4-690C3A4A2773}.Debug|x64.Build.0 = Debug|x64
		{89B1D21E-2534-4AAD-97A4-690C3A4A2773}.Debug|x86.ActiveCfg = Debug|Win32
		{89B1D21E-2534-4AAD-97A4-690C3A4A2773}.Debug|x86.Build.0 = Debug|Win32
		{89B1D21E-2534-4AAD-97A4-690C3A4A2773}.Release|x64.ActiveCfg = Release|x64
		{89B1D21E-2534-4AAD-97A4-690C3A4A2773}.Release|x64.Build.0 = Release|x64
		{89B1D21E-2534-4AAD-97A4-690C3A4A2773}.Release|x86.ActiveCfg = Release|Win32
		{89B1D21E-2534-4AAD-97A4-690C3A4A2773}.Release|x86.Build.0 = Release|Win32
		{A8145C67-E54C-4D86-8629-07C63591202A}.Debug|x64.ActiveCfg = Debug|x64
		{A8145C67-E54C-4D86-8629-07C63591202A}.Debug|x64.Build.0 = Debug|x64
		{A8145C67-E54C-4D86-8629-07C63591202A}.Debug|x86.ActiveCfg = Debug|Win32
		{A8145C67-E54C-4D86-8629-07C63591202A}.Debug|x86.Build.0 = Debug|Win32
		{A8145C67-E54C-4D86-8629-07C63591202A}.Release|x64.ActiveCfg = Release|x64
		{A8145C67-E54C-4D86-8629-07C63591202A}.Release|x64.Build.0 = Release|x64
		{A8145C67-E54C-4D86-8629-07C63591202A}.Release|x86.ActiveCfg = Release|Win32
		{A8145C67-E54C-4D86-8629-07C63591202A}.Release|x86.Build.0 = Release|Win32
		{185F7546-5422-4392-8A48-BC7436E628AA}.Debug|x64.ActiveCfg = Debug|x64
		{185F7546-5422-4392-8A48-BC7436E628AA}.Debug|x64.Build.0 = Debug|x64
		{185F7546-5422-4392-8A48-BC7436E628AA}.Debug|x86.ActiveCfg = Debug|Win32
		{185F7546-5422-4392-8A48-BC7436E628AA}.Debug|x86.Build.0 = Debug|Win32
		{185F7546-5422-4392-8A48-BC7436E628AA}.Release|x64.ActiveCfg = Release|x64
		{185F7546-5422-4392-8A48-BC7436E628AA}.Release|x64.Build.0 = Release|x64
		{185F7546-5422-4392-8A48-BC7436E628AA}.Release|x86.ActiveCfg = Release|Win32
		{185F7546-5422-4392-8A48-BC7436E628AA}.Release|x86.Build.0 = Release|Win32
		{507A0CD6-C524-42D5-BF0E-3FBB5ED1CBEA}.Debug|x64.ActiveCfg = Debug|x64
		{507A0CD6-C524-42D5-BF0E-3FBB5ED1CBEA}.Debug|x64.Build.0 = Debug|x64
		{507A0CD6-C524-42D5-BF0E-3FBB5ED1CBEA}.Debug|x86.ActiveCfg = Debug|Win32
		{507A0CD6-C524-42D5-BF0E-3FBB5ED1CBEA}.Debug|x86.Build.0 = Debug|Win32
		{507A0CD6-C524-42D5-BF0E-3FBB5ED1CBEA}.Release|x64.ActiveCfg = Release|x64
		{507A0CD6-C524-42D5-BF0E-3FBB5ED1CBEA}.Release|x64.Build.0 = Release|x64
		{507A0CD6-C524-42D5-BF0E-3FBB5ED1CBEA}.Release|x86.ActiveCfg = Release|Win32
		{507A0CD6-C524-42D5-BF0E-3FBB5ED1CBEA}.Release|x86.Build.0 = Release|Win32
		{5471DEBF-A5FA-4BCB-9DC2-4E3D732CCAE6}.Debug|x64.ActiveCfg = Debug|x64
		{5471DEBF-A5FA-4BCB-9DC2-4E3D732CCAE6}.Debug|x64.Build.0 = Debug|x64
		{5471DEBF-A5FA-4BCB-9DC2-4E3D732CCAE6}.Debug|x86.ActiveCfg = Debug|Win32
		{5471DEBF-A5FA-4BCB-9DC2-4E3D732CCAE6}.Debug|x86.Build.0 = Debug|Win32
		{5471DEBF-A5FA-4BCB-9DC2-4E3D732CCAE6}.Release|x64.ActiveCfg = Release|x64
		{5471DEBF-A5FA-4BCB-9DC2-4E3D732CCAE6}.Release|x64.Build.0 = Release|x64
		{5471DEBF-A5FA-4BCB-9DC2-4E3D732CCAE6}.Release|x86.ActiveCfg = Release|Win32
		{5471DEBF-A5FA-4BCB-9DC2-4E3D732CCAE6}.Release|x86.Build.0 = Release|Win32
	EndGlobalSection
	GlobalSection(SolutionProperties) = preSolution
		HideSolutionNode = FALSE
	EndGlobalSection
	GlobalSection(ExtensibilityGlobals) = postSolution
		SolutionGuid = {37812591-679D-43C0-AC2D-8F08E3AF7BB0}
	EndGlobalSection
EndGlobal
